// !$*UTF8*$!
{
	archiveVersion = 1;
	classes = {
	};
	objectVersion = 50;
	objects = {

/* Begin PBXBuildFile section */
		ED0CEEC8234CF06B00997521 /* AppDelegate.swift in Sources */ = {isa = PBXBuildFile; fileRef = ED0CEEC7234CF06B00997521 /* AppDelegate.swift */; };
		ED0CEECD234CF06B00997521 /* Main.storyboard in Resources */ = {isa = PBXBuildFile; fileRef = ED0CEECB234CF06B00997521 /* Main.storyboard */; };
		ED0CEECF234CF07D00997521 /* Assets.xcassets in Resources */ = {isa = PBXBuildFile; fileRef = ED0CEECE234CF07D00997521 /* Assets.xcassets */; };
		ED0CEED2234CF07D00997521 /* LaunchScreen.storyboard in Resources */ = {isa = PBXBuildFile; fileRef = ED0CEED0234CF07D00997521 /* LaunchScreen.storyboard */; };
		ED0CEEEC234CF14D00997521 /* Search.swift in Sources */ = {isa = PBXBuildFile; fileRef = ED0CEEDA234CF13F00997521 /* Search.swift */; };
		ED0CEEED234CF14D00997521 /* LandscapeViewController.swift in Sources */ = {isa = PBXBuildFile; fileRef = ED0CEEDB234CF13F00997521 /* LandscapeViewController.swift */; };
		ED0CEEEF234CF14D00997521 /* MenuViewController.swift in Sources */ = {isa = PBXBuildFile; fileRef = ED0CEEDD234CF14100997521 /* MenuViewController.swift */; };
		ED0CEEF0234CF14D00997521 /* SearchResult.swift in Sources */ = {isa = PBXBuildFile; fileRef = ED0CEEDE234CF14100997521 /* SearchResult.swift */; };
		ED0CEEF1234CF14D00997521 /* DimmingPresentationController.swift in Sources */ = {isa = PBXBuildFile; fileRef = ED0CEEDF234CF14200997521 /* DimmingPresentationController.swift */; };
		ED0CEEF2234CF14D00997521 /* FadeOutAnimationController.swift in Sources */ = {isa = PBXBuildFile; fileRef = ED0CEEE0234CF14400997521 /* FadeOutAnimationController.swift */; };
		ED0CEEF3234CF14D00997521 /* GradientView.swift in Sources */ = {isa = PBXBuildFile; fileRef = ED0CEEE1234CF14400997521 /* GradientView.swift */; };
		ED0CEEF4234CF14D00997521 /* SearchViewController.swift in Sources */ = {isa = PBXBuildFile; fileRef = ED0CEEE2234CF14500997521 /* SearchViewController.swift */; };
		ED0CEEF5234CF14D00997521 /* UIImageView+DownloadImage.swift in Sources */ = {isa = PBXBuildFile; fileRef = ED0CEEE3234CF14600997521 /* UIImageView+DownloadImage.swift */; };
		ED0CEEF6234CF14D00997521 /* BounceAnimationController.swift in Sources */ = {isa = PBXBuildFile; fileRef = ED0CEEE4234CF14700997521 /* BounceAnimationController.swift */; };
		ED0CEEF8234CF14D00997521 /* SlideOutAnimationController.swift in Sources */ = {isa = PBXBuildFile; fileRef = ED0CEEE6234CF14900997521 /* SlideOutAnimationController.swift */; };
		ED0CEEF9234CF14D00997521 /* DetailViewController.swift in Sources */ = {isa = PBXBuildFile; fileRef = ED0CEEE7234CF14A00997521 /* DetailViewController.swift */; };
		ED0CEEFA234CF14D00997521 /* SearchResultCell.swift in Sources */ = {isa = PBXBuildFile; fileRef = ED0CEEE8234CF14B00997521 /* SearchResultCell.swift */; };
		ED0CEEFC234CF14D00997521 /* SearchResultCell.xib in Resources */ = {isa = PBXBuildFile; fileRef = ED0CEEEA234CF14C00997521 /* SearchResultCell.xib */; };
		EDE0F27D234CF92200B57ADA /* LoadingCell.xib in Resources */ = {isa = PBXBuildFile; fileRef = EDE0F27F234CF92200B57ADA /* LoadingCell.xib */; };
		EDE0F280234CF98300B57ADA /* NothingFoundCell.xib in Resources */ = {isa = PBXBuildFile; fileRef = EDE0F282234CF98300B57ADA /* NothingFoundCell.xib */; };
		EDE0F28B234CFEB600B57ADA /* InfoPlist.strings in Resources */ = {isa = PBXBuildFile; fileRef = EDE0F28D234CFEB600B57ADA /* InfoPlist.strings */; };
		EDE0F28F234CFF1300B57ADA /* Localizable.strings in Resources */ = {isa = PBXBuildFile; fileRef = EDE0F291234CFF1300B57ADA /* Localizable.strings */; };
/* End PBXBuildFile section */

/* Begin PBXFileReference section */
		ED0CEEC4234CF06B00997521 /* StoreSearch.app */ = {isa = PBXFileReference; explicitFileType = wrapper.application; includeInIndex = 0; path = StoreSearch.app; sourceTree = BUILT_PRODUCTS_DIR; };
		ED0CEEC7234CF06B00997521 /* AppDelegate.swift */ = {isa = PBXFileReference; lastKnownFileType = sourcecode.swift; path = AppDelegate.swift; sourceTree = "<group>"; };
		ED0CEECC234CF06B00997521 /* Base */ = {isa = PBXFileReference; lastKnownFileType = file.storyboard; name = Base; path = Base.lproj/Main.storyboard; sourceTree = "<group>"; };
		ED0CEECE234CF07D00997521 /* Assets.xcassets */ = {isa = PBXFileReference; lastKnownFileType = folder.assetcatalog; path = Assets.xcassets; sourceTree = "<group>"; };
		ED0CEED1234CF07D00997521 /* Base */ = {isa = PBXFileReference; lastKnownFileType = file.storyboard; name = Base; path = Base.lproj/LaunchScreen.storyboard; sourceTree = "<group>"; };
		ED0CEED3234CF07E00997521 /* Info.plist */ = {isa = PBXFileReference; lastKnownFileType = text.plist.xml; path = Info.plist; sourceTree = "<group>"; };
		ED0CEEDA234CF13F00997521 /* Search.swift */ = {isa = PBXFileReference; fileEncoding = 4; lastKnownFileType = sourcecode.swift; path = Search.swift; sourceTree = "<group>"; };
		ED0CEEDB234CF13F00997521 /* LandscapeViewController.swift */ = {isa = PBXFileReference; fileEncoding = 4; lastKnownFileType = sourcecode.swift; path = LandscapeViewController.swift; sourceTree = "<group>"; };
		ED0CEEDD234CF14100997521 /* MenuViewController.swift */ = {isa = PBXFileReference; fileEncoding = 4; lastKnownFileType = sourcecode.swift; path = MenuViewController.swift; sourceTree = "<group>"; };
		ED0CEEDE234CF14100997521 /* SearchResult.swift */ = {isa = PBXFileReference; fileEncoding = 4; lastKnownFileType = sourcecode.swift; path = SearchResult.swift; sourceTree = "<group>"; };
		ED0CEEDF234CF14200997521 /* DimmingPresentationController.swift */ = {isa = PBXFileReference; fileEncoding = 4; lastKnownFileType = sourcecode.swift; path = DimmingPresentationController.swift; sourceTree = "<group>"; };
		ED0CEEE0234CF14400997521 /* FadeOutAnimationController.swift */ = {isa = PBXFileReference; fileEncoding = 4; lastKnownFileType = sourcecode.swift; path = FadeOutAnimationController.swift; sourceTree = "<group>"; };
		ED0CEEE1234CF14400997521 /* GradientView.swift */ = {isa = PBXFileReference; fileEncoding = 4; lastKnownFileType = sourcecode.swift; path = GradientView.swift; sourceTree = "<group>"; };
		ED0CEEE2234CF14500997521 /* SearchViewController.swift */ = {isa = PBXFileReference; fileEncoding = 4; lastKnownFileType = sourcecode.swift; path = SearchViewController.swift; sourceTree = "<group>"; };
		ED0CEEE3234CF14600997521 /* UIImageView+DownloadImage.swift */ = {isa = PBXFileReference; fileEncoding = 4; lastKnownFileType = sourcecode.swift; path = "UIImageView+DownloadImage.swift"; sourceTree = "<group>"; };
		ED0CEEE4234CF14700997521 /* BounceAnimationController.swift */ = {isa = PBXFileReference; fileEncoding = 4; lastKnownFileType = sourcecode.swift; path = BounceAnimationController.swift; sourceTree = "<group>"; };
		ED0CEEE6234CF14900997521 /* SlideOutAnimationController.swift */ = {isa = PBXFileReference; fileEncoding = 4; lastKnownFileType = sourcecode.swift; path = SlideOutAnimationController.swift; sourceTree = "<group>"; };
		ED0CEEE7234CF14A00997521 /* DetailViewController.swift */ = {isa = PBXFileReference; fileEncoding = 4; lastKnownFileType = sourcecode.swift; path = DetailViewController.swift; sourceTree = "<group>"; };
		ED0CEEE8234CF14B00997521 /* SearchResultCell.swift */ = {isa = PBXFileReference; fileEncoding = 4; lastKnownFileType = sourcecode.swift; path = SearchResultCell.swift; sourceTree = "<group>"; };
		ED0CEEEA234CF14C00997521 /* SearchResultCell.xib */ = {isa = PBXFileReference; fileEncoding = 4; lastKnownFileType = file.xib; path = SearchResultCell.xib; sourceTree = "<group>"; };
		EDE0F27B234CF8FD00B57ADA /* nl */ = {isa = PBXFileReference; lastKnownFileType = text.plist.strings; name = nl; path = nl.lproj/Main.strings; sourceTree = "<group>"; };
		EDE0F27C234CF8FE00B57ADA /* nl */ = {isa = PBXFileReference; lastKnownFileType = text.plist.strings; name = nl; path = nl.lproj/LaunchScreen.strings; sourceTree = "<group>"; };
		EDE0F283234CFA0600B57ADA /* Base */ = {isa = PBXFileReference; lastKnownFileType = file.xib; name = Base; path = Base.lproj/LoadingCell.xib; sourceTree = "<group>"; };
		EDE0F284234CFA1100B57ADA /* Base */ = {isa = PBXFileReference; lastKnownFileType = file.xib; name = Base; path = Base.lproj/NothingFoundCell.xib; sourceTree = "<group>"; };
		EDE0F288234CFAFB00B57ADA /* nl */ = {isa = PBXFileReference; lastKnownFileType = text.plist.strings; name = nl; path = nl.lproj/LoadingCell.strings; sourceTree = "<group>"; };
		EDE0F28A234CFB6F00B57ADA /* nl */ = {isa = PBXFileReference; lastKnownFileType = text.plist.strings; name = nl; path = nl.lproj/NothingFoundCell.strings; sourceTree = "<group>"; };
		EDE0F28C234CFEB600B57ADA /* nl */ = {isa = PBXFileReference; lastKnownFileType = text.plist.strings; name = nl; path = nl.lproj/InfoPlist.strings; sourceTree = "<group>"; };
		EDE0F28E234CFECD00B57ADA /* en */ = {isa = PBXFileReference; lastKnownFileType = text.plist.strings; name = en; path = en.lproj/InfoPlist.strings; sourceTree = "<group>"; };
		EDE0F290234CFF1300B57ADA /* nl */ = {isa = PBXFileReference; lastKnownFileType = text.plist.strings; name = nl; path = nl.lproj/Localizable.strings; sourceTree = "<group>"; };
		EDE0F292234CFF2300B57ADA /* en */ = {isa = PBXFileReference; lastKnownFileType = text.plist.strings; name = en; path = en.lproj/Localizable.strings; sourceTree = "<group>"; };
/* End PBXFileReference section */

/* Begin PBXFrameworksBuildPhase section */
		ED0CEEC1234CF06B00997521 /* Frameworks */ = {
			isa = PBXFrameworksBuildPhase;
			buildActionMask = 2147483647;
			files = (
			);
			runOnlyForDeploymentPostprocessing = 0;
		};
/* End PBXFrameworksBuildPhase section */

/* Begin PBXGroup section */
		ED0CEEBB234CF06B00997521 = {
			isa = PBXGroup;
			children = (
				ED0CEEC6234CF06B00997521 /* StoreSearch */,
				ED0CEEC5234CF06B00997521 /* Products */,
			);
			sourceTree = "<group>";
		};
		ED0CEEC5234CF06B00997521 /* Products */ = {
			isa = PBXGroup;
			children = (
				ED0CEEC4234CF06B00997521 /* StoreSearch.app */,
			);
			name = Products;
			sourceTree = "<group>";
		};
		ED0CEEC6234CF06B00997521 /* StoreSearch */ = {
			isa = PBXGroup;
			children = (
				ED0CEEC7234CF06B00997521 /* AppDelegate.swift */,
				ED0CEECB234CF06B00997521 /* Main.storyboard */,
				ED0CEECE234CF07D00997521 /* Assets.xcassets */,
				ED0CEEE4234CF14700997521 /* BounceAnimationController.swift */,
				ED0CEEE7234CF14A00997521 /* DetailViewController.swift */,
				ED0CEEDF234CF14200997521 /* DimmingPresentationController.swift */,
				ED0CEEE0234CF14400997521 /* FadeOutAnimationController.swift */,
				ED0CEEE1234CF14400997521 /* GradientView.swift */,
				EDE0F28D234CFEB600B57ADA /* InfoPlist.strings */,
				ED0CEEDB234CF13F00997521 /* LandscapeViewController.swift */,
				EDE0F27F234CF92200B57ADA /* LoadingCell.xib */,
				EDE0F291234CFF1300B57ADA /* Localizable.strings */,
				ED0CEEDD234CF14100997521 /* MenuViewController.swift */,
				EDE0F282234CF98300B57ADA /* NothingFoundCell.xib */,
				ED0CEEDA234CF13F00997521 /* Search.swift */,
				ED0CEEDE234CF14100997521 /* SearchResult.swift */,
				ED0CEEE8234CF14B00997521 /* SearchResultCell.swift */,
				ED0CEEEA234CF14C00997521 /* SearchResultCell.xib */,
				ED0CEEE2234CF14500997521 /* SearchViewController.swift */,
				ED0CEEE6234CF14900997521 /* SlideOutAnimationController.swift */,
				ED0CEEE3234CF14600997521 /* UIImageView+DownloadImage.swift */,
				ED0CEED0234CF07D00997521 /* LaunchScreen.storyboard */,
				ED0CEED3234CF07E00997521 /* Info.plist */,
			);
			path = StoreSearch;
			sourceTree = "<group>";
		};
/* End PBXGroup section */

/* Begin PBXNativeTarget section */
		ED0CEEC3234CF06B00997521 /* StoreSearch */ = {
			isa = PBXNativeTarget;
			buildConfigurationList = ED0CEED6234CF07E00997521 /* Build configuration list for PBXNativeTarget "StoreSearch" */;
			buildPhases = (
				ED0CEEC0234CF06B00997521 /* Sources */,
				ED0CEEC1234CF06B00997521 /* Frameworks */,
				ED0CEEC2234CF06B00997521 /* Resources */,
			);
			buildRules = (
			);
			dependencies = (
			);
			name = StoreSearch;
			productName = StoreSearch;
			productReference = ED0CEEC4234CF06B00997521 /* StoreSearch.app */;
			productType = "com.apple.product-type.application";
		};
/* End PBXNativeTarget section */

/* Begin PBXProject section */
		ED0CEEBC234CF06B00997521 /* Project object */ = {
			isa = PBXProject;
			attributes = {
				LastSwiftUpdateCheck = 1030;
				LastUpgradeCheck = 1030;
				ORGANIZATIONNAME = "mostafa elsanadidy";
				TargetAttributes = {
					ED0CEEC3234CF06B00997521 = {
						CreatedOnToolsVersion = 10.3;
					};
				};
			};
			buildConfigurationList = ED0CEEBF234CF06B00997521 /* Build configuration list for PBXProject "StoreSearch" */;
			compatibilityVersion = "Xcode 9.3";
			developmentRegion = en;
			hasScannedForEncodings = 0;
			knownRegions = (
				en,
				Base,
				nl,
			);
			mainGroup = ED0CEEBB234CF06B00997521;
			productRefGroup = ED0CEEC5234CF06B00997521 /* Products */;
			projectDirPath = "";
			projectRoot = "";
			targets = (
				ED0CEEC3234CF06B00997521 /* StoreSearch */,
			);
		};
/* End PBXProject section */

/* Begin PBXResourcesBuildPhase section */
		ED0CEEC2234CF06B00997521 /* Resources */ = {
			isa = PBXResourcesBuildPhase;
			buildActionMask = 2147483647;
			files = (
				ED0CEED2234CF07D00997521 /* LaunchScreen.storyboard in Resources */,
				EDE0F28B234CFEB600B57ADA /* InfoPlist.strings in Resources */,
				ED0CEEFC234CF14D00997521 /* SearchResultCell.xib in Resources */,
				ED0CEECF234CF07D00997521 /* Assets.xcassets in Resources */,
				EDE0F28F234CFF1300B57ADA /* Localizable.strings in Resources */,
				EDE0F27D234CF92200B57ADA /* LoadingCell.xib in Resources */,
				EDE0F280234CF98300B57ADA /* NothingFoundCell.xib in Resources */,
				ED0CEECD234CF06B00997521 /* Main.storyboard in Resources */,
			);
			runOnlyForDeploymentPostprocessing = 0;
		};
/* End PBXResourcesBuildPhase section */

/* Begin PBXSourcesBuildPhase section */
		ED0CEEC0234CF06B00997521 /* Sources */ = {
			isa = PBXSourcesBuildPhase;
			buildActionMask = 2147483647;
			files = (
				ED0CEEFA234CF14D00997521 /* SearchResultCell.swift in Sources */,
				ED0CEEF9234CF14D00997521 /* DetailViewController.swift in Sources */,
				ED0CEEC8234CF06B00997521 /* AppDelegate.swift in Sources */,
				ED0CEEED234CF14D00997521 /* LandscapeViewController.swift in Sources */,
				ED0CEEF2234CF14D00997521 /* FadeOutAnimationController.swift in Sources */,
				ED0CEEF4234CF14D00997521 /* SearchViewController.swift in Sources */,
				ED0CEEF5234CF14D00997521 /* UIImageView+DownloadImage.swift in Sources */,
				ED0CEEF0234CF14D00997521 /* SearchResult.swift in Sources */,
				ED0CEEEC234CF14D00997521 /* Search.swift in Sources */,
				ED0CEEEF234CF14D00997521 /* MenuViewController.swift in Sources */,
				ED0CEEF6234CF14D00997521 /* BounceAnimationController.swift in Sources */,
				ED0CEEF3234CF14D00997521 /* GradientView.swift in Sources */,
				ED0CEEF1234CF14D00997521 /* DimmingPresentationController.swift in Sources */,
				ED0CEEF8234CF14D00997521 /* SlideOutAnimationController.swift in Sources */,
			);
			runOnlyForDeploymentPostprocessing = 0;
		};
/* End PBXSourcesBuildPhase section */

/* Begin PBXVariantGroup section */
		ED0CEECB234CF06B00997521 /* Main.storyboard */ = {
			isa = PBXVariantGroup;
			children = (
				ED0CEECC234CF06B00997521 /* Base */,
				EDE0F27B234CF8FD00B57ADA /* nl */,
			);
			name = Main.storyboard;
			sourceTree = "<group>";
		};
		ED0CEED0234CF07D00997521 /* LaunchScreen.storyboard */ = {
			isa = PBXVariantGroup;
			children = (
				ED0CEED1234CF07D00997521 /* Base */,
				EDE0F27C234CF8FE00B57ADA /* nl */,
			);
			name = LaunchScreen.storyboard;
			sourceTree = "<group>";
		};
		EDE0F27F234CF92200B57ADA /* LoadingCell.xib */ = {
			isa = PBXVariantGroup;
			children = (
				EDE0F283234CFA0600B57ADA /* Base */,
				EDE0F288234CFAFB00B57ADA /* nl */,
			);
			name = LoadingCell.xib;
			sourceTree = "<group>";
		};
		EDE0F282234CF98300B57ADA /* NothingFoundCell.xib */ = {
			isa = PBXVariantGroup;
			children = (
				EDE0F284234CFA1100B57ADA /* Base */,
				EDE0F28A234CFB6F00B57ADA /* nl */,
			);
			name = NothingFoundCell.xib;
			sourceTree = "<group>";
		};
		EDE0F28D234CFEB600B57ADA /* InfoPlist.strings */ = {
			isa = PBXVariantGroup;
			children = (
				EDE0F28C234CFEB600B57ADA /* nl */,
				EDE0F28E234CFECD00B57ADA /* en */,
			);
			name = InfoPlist.strings;
			sourceTree = "<group>";
		};
		EDE0F291234CFF1300B57ADA /* Localizable.strings */ = {
			isa = PBXVariantGroup;
			children = (
				EDE0F290234CFF1300B57ADA /* nl */,
				EDE0F292234CFF2300B57ADA /* en */,
			);
			name = Localizable.strings;
			sourceTree = "<group>";
		};
/* End PBXVariantGroup section */

/* Begin XCBuildConfiguration section */
		ED0CEED4234CF07E00997521 /* Debug */ = {
			isa = XCBuildConfiguration;
			buildSettings = {
				ALWAYS_SEARCH_USER_PATHS = NO;
				CLANG_ANALYZER_LOCALIZABILITY_NONLOCALIZED = YES;
				CLANG_ANALYZER_NONNULL = YES;
				CLANG_ANALYZER_NUMBER_OBJECT_CONVERSION = YES_AGGRESSIVE;
				CLANG_CXX_LANGUAGE_STANDARD = "gnu++14";
				CLANG_CXX_LIBRARY = "libc++";
				CLANG_ENABLE_MODULES = YES;
				CLANG_ENABLE_OBJC_ARC = YES;
				CLANG_ENABLE_OBJC_WEAK = YES;
				CLANG_WARN_BLOCK_CAPTURE_AUTORELEASING = YES;
				CLANG_WARN_BOOL_CONVERSION = YES;
				CLANG_WARN_COMMA = YES;
				CLANG_WARN_CONSTANT_CONVERSION = YES;
				CLANG_WARN_DEPRECATED_OBJC_IMPLEMENTATIONS = YES;
				CLANG_WARN_DIRECT_OBJC_ISA_USAGE = YES_ERROR;
				CLANG_WARN_DOCUMENTATION_COMMENTS = YES;
				CLANG_WARN_EMPTY_BODY = YES;
				CLANG_WARN_ENUM_CONVERSION = YES;
				CLANG_WARN_INFINITE_RECURSION = YES;
				CLANG_WARN_INT_CONVERSION = YES;
				CLANG_WARN_NON_LITERAL_NULL_CONVERSION = YES;
				CLANG_WARN_OBJC_IMPLICIT_RETAIN_SELF = YES;
				CLANG_WARN_OBJC_LITERAL_CONVERSION = YES;
				CLANG_WARN_OBJC_ROOT_CLASS = YES_ERROR;
				CLANG_WARN_RANGE_LOOP_ANALYSIS = YES;
				CLANG_WARN_STRICT_PROTOTYPES = YES;
				CLANG_WARN_SUSPICIOUS_MOVE = YES;
				CLANG_WARN_UNGUARDED_AVAILABILITY = YES_AGGRESSIVE;
				CLANG_WARN_UNREACHABLE_CODE = YES;
				CLANG_WARN__DUPLICATE_METHOD_MATCH = YES;
				CODE_SIGN_IDENTITY = "iPhone Developer";
				COPY_PHASE_STRIP = NO;
				DEBUG_INFORMATION_FORMAT = dwarf;
				ENABLE_STRICT_OBJC_MSGSEND = YES;
				ENABLE_TESTABILITY = YES;
				GCC_C_LANGUAGE_STANDARD = gnu11;
				GCC_DYNAMIC_NO_PIC = NO;
				GCC_NO_COMMON_BLOCKS = YES;
				GCC_OPTIMIZATION_LEVEL = 0;
				GCC_PREPROCESSOR_DEFINITIONS = (
					"DEBUG=1",
					"$(inherited)",
				);
				GCC_WARN_64_TO_32_BIT_CONVERSION = YES;
				GCC_WARN_ABOUT_RETURN_TYPE = YES_ERROR;
				GCC_WARN_UNDECLARED_SELECTOR = YES;
				GCC_WARN_UNINITIALIZED_AUTOS = YES_AGGRESSIVE;
				GCC_WARN_UNUSED_FUNCTION = YES;
				GCC_WARN_UNUSED_VARIABLE = YES;
				IPHONEOS_DEPLOYMENT_TARGET = 12.4;
				MTL_ENABLE_DEBUG_INFO = INCLUDE_SOURCE;
				MTL_FAST_MATH = YES;
				ONLY_ACTIVE_ARCH = YES;
				SDKROOT = iphoneos;
				SWIFT_ACTIVE_COMPILATION_CONDITIONS = DEBUG;
				SWIFT_OPTIMIZATION_LEVEL = "-Onone";
			};
			name = Debug;
		};
		ED0CEED5234CF07E00997521 /* Release */ = {
			isa = XCBuildConfiguration;
			buildSettings = {
				ALWAYS_SEARCH_USER_PATHS = NO;
				CLANG_ANALYZER_LOCALIZABILITY_NONLOCALIZED = YES;
				CLANG_ANALYZER_NONNULL = YES;
				CLANG_ANALYZER_NUMBER_OBJECT_CONVERSION = YES_AGGRESSIVE;
				CLANG_CXX_LANGUAGE_STANDARD = "gnu++14";
				CLANG_CXX_LIBRARY = "libc++";
				CLANG_ENABLE_MODULES = YES;
				CLANG_ENABLE_OBJC_ARC = YES;
				CLANG_ENABLE_OBJC_WEAK = YES;
				CLANG_WARN_BLOCK_CAPTURE_AUTORELEASING = YES;
				CLANG_WARN_BOOL_CONVERSION = YES;
				CLANG_WARN_COMMA = YES;
				CLANG_WARN_CONSTANT_CONVERSION = YES;
				CLANG_WARN_DEPRECATED_OBJC_IMPLEMENTATIONS = YES;
				CLANG_WARN_DIRECT_OBJC_ISA_USAGE = YES_ERROR;
				CLANG_WARN_DOCUMENTATION_COMMENTS = YES;
				CLANG_WARN_EMPTY_BODY = YES;
				CLANG_WARN_ENUM_CONVERSION = YES;
				CLANG_WARN_INFINITE_RECURSION = YES;
				CLANG_WARN_INT_CONVERSION = YES;
				CLANG_WARN_NON_LITERAL_NULL_CONVERSION = YES;
				CLANG_WARN_OBJC_IMPLICIT_RETAIN_SELF = YES;
				CLANG_WARN_OBJC_LITERAL_CONVERSION = YES;
				CLANG_WARN_OBJC_ROOT_CLASS = YES_ERROR;
				CLANG_WARN_RANGE_LOOP_ANALYSIS = YES;
				CLANG_WARN_STRICT_PROTOTYPES = YES;
				CLANG_WARN_SUSPICIOUS_MOVE = YES;
				CLANG_WARN_UNGUARDED_AVAILABILITY = YES_AGGRESSIVE;
				CLANG_WARN_UNREACHABLE_CODE = YES;
				CLANG_WARN__DUPLICATE_METHOD_MATCH = YES;
				CODE_SIGN_IDENTITY = "iPhone Developer";
				COPY_PHASE_STRIP = NO;
				DEBUG_INFORMATION_FORMAT = "dwarf-with-dsym";
				ENABLE_NS_ASSERTIONS = NO;
				ENABLE_STRICT_OBJC_MSGSEND = YES;
				GCC_C_LANGUAGE_STANDARD = gnu11;
				GCC_NO_COMMON_BLOCKS = YES;
				GCC_WARN_64_TO_32_BIT_CONVERSION = YES;
				GCC_WARN_ABOUT_RETURN_TYPE = YES_ERROR;
				GCC_WARN_UNDECLARED_SELECTOR = YES;
				GCC_WARN_UNINITIALIZED_AUTOS = YES_AGGRESSIVE;
				GCC_WARN_UNUSED_FUNCTION = YES;
				GCC_WARN_UNUSED_VARIABLE = YES;
				IPHONEOS_DEPLOYMENT_TARGET = 12.4;
				MTL_ENABLE_DEBUG_INFO = NO;
				MTL_FAST_MATH = YES;
				SDKROOT = iphoneos;
				SWIFT_COMPILATION_MODE = wholemodule;
				SWIFT_OPTIMIZATION_LEVEL = "-O";
				VALIDATE_PRODUCT = YES;
			};
			name = Release;
		};
		ED0CEED7234CF07E00997521 /* Debug */ = {
			isa = XCBuildConfiguration;
			buildSettings = {
				ASSETCATALOG_COMPILER_APPICON_NAME = AppIcon;
				CODE_SIGN_STYLE = Automatic;
				DEVELOPMENT_TEAM = BL8VD5DUD8;
				INFOPLIST_FILE = StoreSearch/Info.plist;
				LD_RUNPATH_SEARCH_PATHS = (
					"$(inherited)",
					"@executable_path/Frameworks",
				);
				PRODUCT_BUNDLE_IDENTIFIER = com.mostafaElsanadidy.StoreSearch;
				PRODUCT_NAME = "$(TARGET_NAME)";
				SWIFT_VERSION = 5.0;
				TARGETED_DEVICE_FAMILY = "1,2";
			};
			name = Debug;
		};
		ED0CEED8234CF07E00997521 /* Release */ = {
			isa = XCBuildConfiguration;
			buildSettings = {
				ASSETCATALOG_COMPILER_APPICON_NAME = AppIcon;
				CODE_SIGN_STYLE = Automatic;
				DEVELOPMENT_TEAM = BL8VD5DUD8;
				INFOPLIST_FILE = StoreSearch/Info.plist;
				LD_RUNPATH_SEARCH_PATHS = (
					"$(inherited)",
					"@executable_path/Frameworks",
				);
				PRODUCT_BUNDLE_IDENTIFIER = com.mostafaElsanadidy.StoreSearch;
				PRODUCT_NAME = "$(TARGET_NAME)";
				SWIFT_VERSION = 5.0;
				TARGETED_DEVICE_FAMILY = "1,2";
			};
			name = Release;
		};
/* End XCBuildConfiguration section */

/* Begin XCConfigurationList section */
		ED0CEEBF234CF06B00997521 /* Build configuration list for PBXProject "StoreSearch" */ = {
			isa = XCConfigurationList;
			buildConfigurations = (
				ED0CEED4234CF07E00997521 /* Debug */,
				ED0CEED5234CF07E00997521 /* Release */,
			);
			defaultConfigurationIsVisible = 0;
			defaultConfigurationName = Release;
		};
		ED0CEED6234CF07E00997521 /* Build configuration list for PBXNativeTarget "StoreSearch" */ = {
			isa = XCConfigurationList;
			buildConfigurations = (
				ED0CEED7234CF07E00997521 /* Debug */,
				ED0CEED8234CF07E00997521 /* Release */,
			);
			defaultConfigurationIsVisible = 0;
			defaultConfigurationName = Release;
		};
/* End XCConfigurationList section */
	};
	rootObject = ED0CEEBC234CF06B00997521 /* Project object */;
}
